// !$*UTF8*$!
{
	archiveVersion = 1;
	classes = {
	};
	objectVersion = 56;
	objects = {

/* Begin PBXBuildFile section */
		F85178E62C43F4A600AC74A1 /* AppDelegate.swift in Sources */ = {isa = PBXBuildFile; fileRef = F85178E52C43F4A600AC74A1 /* AppDelegate.swift */; };
		F85178E82C43F4A600AC74A1 /* SceneDelegate.swift in Sources */ = {isa = PBXBuildFile; fileRef = F85178E72C43F4A600AC74A1 /* SceneDelegate.swift */; };
		F85178EA2C43F4A600AC74A1 /* ViewController.swift in Sources */ = {isa = PBXBuildFile; fileRef = F85178E92C43F4A600AC74A1 /* ViewController.swift */; };
		F85178ED2C43F4A600AC74A1 /* Base in Resources */ = {isa = PBXBuildFile; fileRef = F85178EC2C43F4A600AC74A1 /* Base */; };
		F85178EF2C43F4A700AC74A1 /* Assets.xcassets in Resources */ = {isa = PBXBuildFile; fileRef = F85178EE2C43F4A700AC74A1 /* Assets.xcassets */; };
		F85178F22C43F4A700AC74A1 /* Base in Resources */ = {isa = PBXBuildFile; fileRef = F85178F12C43F4A700AC74A1 /* Base */; };
		F85178FD2C43F4A800AC74A1 /* FPXAPPWEBTests.swift in Sources */ = {isa = PBXBuildFile; fileRef = F85178FC2C43F4A800AC74A1 /* FPXAPPWEBTests.swift */; };
		F85179072C43F4A800AC74A1 /* FPXAPPWEBUITests.swift in Sources */ = {isa = PBXBuildFile; fileRef = F85179062C43F4A800AC74A1 /* FPXAPPWEBUITests.swift */; };
		F85179092C43F4A800AC74A1 /* FPXAPPWEBUITestsLaunchTests.swift in Sources */ = {isa = PBXBuildFile; fileRef = F85179082C43F4A800AC74A1 /* FPXAPPWEBUITestsLaunchTests.swift */; };
/* End PBXBuildFile section */

/* Begin PBXContainerItemProxy section */
		F85178F92C43F4A800AC74A1 /* PBXContainerItemProxy */ = {
			isa = PBXContainerItemProxy;
			containerPortal = F85178DA2C43F4A600AC74A1 /* Project object */;
			proxyType = 1;
			remoteGlobalIDString = F85178E12C43F4A600AC74A1;
			remoteInfo = FPXAPPWEB;
		};
		F85179032C43F4A800AC74A1 /* PBXContainerItemProxy */ = {
			isa = PBXContainerItemProxy;
			containerPortal = F85178DA2C43F4A600AC74A1 /* Project object */;
			proxyType = 1;
			remoteGlobalIDString = F85178E12C43F4A600AC74A1;
			remoteInfo = FPXAPPWEB;
		};
/* End PBXContainerItemProxy section */

/* Begin PBXFileReference section */
		F85178E22C43F4A600AC74A1 /* FPXAPPWEB.app */ = {isa = PBXFileReference; explicitFileType = wrapper.application; includeInIndex = 0; path = FPXAPPWEB.app; sourceTree = BUILT_PRODUCTS_DIR; };
		F85178E52C43F4A600AC74A1 /* AppDelegate.swift */ = {isa = PBXFileReference; lastKnownFileType = sourcecode.swift; path = AppDelegate.swift; sourceTree = "<group>"; };
		F85178E72C43F4A600AC74A1 /* SceneDelegate.swift */ = {isa = PBXFileReference; lastKnownFileType = sourcecode.swift; path = SceneDelegate.swift; sourceTree = "<group>"; };
		F85178E92C43F4A600AC74A1 /* ViewController.swift */ = {isa = PBXFileReference; lastKnownFileType = sourcecode.swift; path = ViewController.swift; sourceTree = "<group>"; };
		F85178EC2C43F4A600AC74A1 /* Base */ = {isa = PBXFileReference; lastKnownFileType = file.storyboard; name = Base; path = Base.lproj/Main.storyboard; sourceTree = "<group>"; };
		F85178EE2C43F4A700AC74A1 /* Assets.xcassets */ = {isa = PBXFileReference; lastKnownFileType = folder.assetcatalog; path = Assets.xcassets; sourceTree = "<group>"; };
		F85178F12C43F4A700AC74A1 /* Base */ = {isa = PBXFileReference; lastKnownFileType = file.storyboard; name = Base; path = Base.lproj/LaunchScreen.storyboard; sourceTree = "<group>"; };
		F85178F32C43F4A700AC74A1 /* Info.plist */ = {isa = PBXFileReference; lastKnownFileType = text.plist.xml; path = Info.plist; sourceTree = "<group>"; };
		F85178F82C43F4A800AC74A1 /* FPXAPPWEBTests.xctest */ = {isa = PBXFileReference; explicitFileType = wrapper.cfbundle; includeInIndex = 0; path = FPXAPPWEBTests.xctest; sourceTree = BUILT_PRODUCTS_DIR; };
		F85178FC2C43F4A800AC74A1 /* FPXAPPWEBTests.swift */ = {isa = PBXFileReference; lastKnownFileType = sourcecode.swift; path = FPXAPPWEBTests.swift; sourceTree = "<group>"; };
		F85179022C43F4A800AC74A1 /* FPXAPPWEBUITests.xctest */ = {isa = PBXFileReference; explicitFileType = wrapper.cfbundle; includeInIndex = 0; path = FPXAPPWEBUITests.xctest; sourceTree = BUILT_PRODUCTS_DIR; };
		F85179062C43F4A800AC74A1 /* FPXAPPWEBUITests.swift */ = {isa = PBXFileReference; lastKnownFileType = sourcecode.swift; path = FPXAPPWEBUITests.swift; sourceTree = "<group>"; };
		F85179082C43F4A800AC74A1 /* FPXAPPWEBUITestsLaunchTests.swift */ = {isa = PBXFileReference; lastKnownFileType = sourcecode.swift; path = FPXAPPWEBUITestsLaunchTests.swift; sourceTree = "<group>"; };
/* End PBXFileReference section */

/* Begin PBXFrameworksBuildPhase section */
		F85178DF2C43F4A600AC74A1 /* Frameworks */ = {
			isa = PBXFrameworksBuildPhase;
			buildActionMask = 2147483647;
			files = (
			);
			runOnlyForDeploymentPostprocessing = 0;
		};
		F85178F52C43F4A800AC74A1 /* Frameworks */ = {
			isa = PBXFrameworksBuildPhase;
			buildActionMask = 2147483647;
			files = (
			);
			runOnlyForDeploymentPostprocessing = 0;
		};
		F85178FF2C43F4A800AC74A1 /* Frameworks */ = {
			isa = PBXFrameworksBuildPhase;
			buildActionMask = 2147483647;
			files = (
			);
			runOnlyForDeploymentPostprocessing = 0;
		};
/* End PBXFrameworksBuildPhase section */

/* Begin PBXGroup section */
		F85178D92C43F4A600AC74A1 = {
			isa = PBXGroup;
			children = (
				F85178E42C43F4A600AC74A1 /* FPXAPPWEB */,
				F85178FB2C43F4A800AC74A1 /* FPXAPPWEBTests */,
				F85179052C43F4A800AC74A1 /* FPXAPPWEBUITests */,
				F85178E32C43F4A600AC74A1 /* Products */,
			);
			sourceTree = "<group>";
		};
		F85178E32C43F4A600AC74A1 /* Products */ = {
			isa = PBXGroup;
			children = (
				F85178E22C43F4A600AC74A1 /* FPXAPPWEB.app */,
				F85178F82C43F4A800AC74A1 /* FPXAPPWEBTests.xctest */,
				F85179022C43F4A800AC74A1 /* FPXAPPWEBUITests.xctest */,
			);
			name = Products;
			sourceTree = "<group>";
		};
		F85178E42C43F4A600AC74A1 /* FPXAPPWEB */ = {
			isa = PBXGroup;
			children = (
				F85178E52C43F4A600AC74A1 /* AppDelegate.swift */,
				F85178E72C43F4A600AC74A1 /* SceneDelegate.swift */,
				F85178E92C43F4A600AC74A1 /* ViewController.swift */,
				F85178EB2C43F4A600AC74A1 /* Main.storyboard */,
				F85178EE2C43F4A700AC74A1 /* Assets.xcassets */,
				F85178F02C43F4A700AC74A1 /* LaunchScreen.storyboard */,
				F85178F32C43F4A700AC74A1 /* Info.plist */,
			);
			path = FPXAPPWEB;
			sourceTree = "<group>";
		};
		F85178FB2C43F4A800AC74A1 /* FPXAPPWEBTests */ = {
			isa = PBXGroup;
			children = (
				F85178FC2C43F4A800AC74A1 /* FPXAPPWEBTests.swift */,
			);
			path = FPXAPPWEBTests;
			sourceTree = "<group>";
		};
		F85179052C43F4A800AC74A1 /* FPXAPPWEBUITests */ = {
			isa = PBXGroup;
			children = (
				F85179062C43F4A800AC74A1 /* FPXAPPWEBUITests.swift */,
				F85179082C43F4A800AC74A1 /* FPXAPPWEBUITestsLaunchTests.swift */,
			);
			path = FPXAPPWEBUITests;
			sourceTree = "<group>";
		};
/* End PBXGroup section */

/* Begin PBXNativeTarget section */
		F85178E12C43F4A600AC74A1 /* FPXAPPWEB */ = {
			isa = PBXNativeTarget;
			buildConfigurationList = F851790C2C43F4A800AC74A1 /* Build configuration list for PBXNativeTarget "FPXAPPWEB" */;
			buildPhases = (
				F85178DE2C43F4A600AC74A1 /* Sources */,
				F85178DF2C43F4A600AC74A1 /* Frameworks */,
				F85178E02C43F4A600AC74A1 /* Resources */,
			);
			buildRules = (
			);
			dependencies = (
			);
			name = FPXAPPWEB;
			productName = FPXAPPWEB;
			productReference = F85178E22C43F4A600AC74A1 /* FPXAPPWEB.app */;
			productType = "com.apple.product-type.application";
		};
		F85178F72C43F4A800AC74A1 /* FPXAPPWEBTests */ = {
			isa = PBXNativeTarget;
			buildConfigurationList = F851790F2C43F4A800AC74A1 /* Build configuration list for PBXNativeTarget "FPXAPPWEBTests" */;
			buildPhases = (
				F85178F42C43F4A800AC74A1 /* Sources */,
				F85178F52C43F4A800AC74A1 /* Frameworks */,
				F85178F62C43F4A800AC74A1 /* Resources */,
			);
			buildRules = (
			);
			dependencies = (
				F85178FA2C43F4A800AC74A1 /* PBXTargetDependency */,
			);
			name = FPXAPPWEBTests;
			productName = FPXAPPWEBTests;
			productReference = F85178F82C43F4A800AC74A1 /* FPXAPPWEBTests.xctest */;
			productType = "com.apple.product-type.bundle.unit-test";
		};
		F85179012C43F4A800AC74A1 /* FPXAPPWEBUITests */ = {
			isa = PBXNativeTarget;
			buildConfigurationList = F85179122C43F4A800AC74A1 /* Build configuration list for PBXNativeTarget "FPXAPPWEBUITests" */;
			buildPhases = (
				F85178FE2C43F4A800AC74A1 /* Sources */,
				F85178FF2C43F4A800AC74A1 /* Frameworks */,
				F85179002C43F4A800AC74A1 /* Resources */,
			);
			buildRules = (
			);
			dependencies = (
				F85179042C43F4A800AC74A1 /* PBXTargetDependency */,
			);
			name = FPXAPPWEBUITests;
			productName = FPXAPPWEBUITests;
			productReference = F85179022C43F4A800AC74A1 /* FPXAPPWEBUITests.xctest */;
			productType = "com.apple.product-type.bundle.ui-testing";
		};
/* End PBXNativeTarget section */

/* Begin PBXProject section */
		F85178DA2C43F4A600AC74A1 /* Project object */ = {
			isa = PBXProject;
			attributes = {
				BuildIndependentTargetsInParallel = 1;
				LastSwiftUpdateCheck = 1540;
				LastUpgradeCheck = 1540;
				TargetAttributes = {
					F85178E12C43F4A600AC74A1 = {
						CreatedOnToolsVersion = 15.4;
					};
					F85178F72C43F4A800AC74A1 = {
						CreatedOnToolsVersion = 15.4;
						TestTargetID = F85178E12C43F4A600AC74A1;
					};
					F85179012C43F4A800AC74A1 = {
						CreatedOnToolsVersion = 15.4;
						TestTargetID = F85178E12C43F4A600AC74A1;
					};
				};
			};
			buildConfigurationList = F85178DD2C43F4A600AC74A1 /* Build configuration list for PBXProject "FPXAPPWEB" */;
			compatibilityVersion = "Xcode 14.0";
			developmentRegion = en;
			hasScannedForEncodings = 0;
			knownRegions = (
				en,
				Base,
			);
			mainGroup = F85178D92C43F4A600AC74A1;
			productRefGroup = F85178E32C43F4A600AC74A1 /* Products */;
			projectDirPath = "";
			projectRoot = "";
			targets = (
				F85178E12C43F4A600AC74A1 /* FPXAPPWEB */,
				F85178F72C43F4A800AC74A1 /* FPXAPPWEBTests */,
				F85179012C43F4A800AC74A1 /* FPXAPPWEBUITests */,
			);
		};
/* End PBXProject section */

/* Begin PBXResourcesBuildPhase section */
		F85178E02C43F4A600AC74A1 /* Resources */ = {
			isa = PBXResourcesBuildPhase;
			buildActionMask = 2147483647;
			files = (
				F85178EF2C43F4A700AC74A1 /* Assets.xcassets in Resources */,
				F85178F22C43F4A700AC74A1 /* Base in Resources */,
				F85178ED2C43F4A600AC74A1 /* Base in Resources */,
			);
			runOnlyForDeploymentPostprocessing = 0;
		};
		F85178F62C43F4A800AC74A1 /* Resources */ = {
			isa = PBXResourcesBuildPhase;
			buildActionMask = 2147483647;
			files = (
			);
			runOnlyForDeploymentPostprocessing = 0;
		};
		F85179002C43F4A800AC74A1 /* Resources */ = {
			isa = PBXResourcesBuildPhase;
			buildActionMask = 2147483647;
			files = (
			);
			runOnlyForDeploymentPostprocessing = 0;
		};
/* End PBXResourcesBuildPhase section */

/* Begin PBXSourcesBuildPhase section */
		F85178DE2C43F4A600AC74A1 /* Sources */ = {
			isa = PBXSourcesBuildPhase;
			buildActionMask = 2147483647;
			files = (
				F85178EA2C43F4A600AC74A1 /* ViewController.swift in Sources */,
				F85178E62C43F4A600AC74A1 /* AppDelegate.swift in Sources */,
				F85178E82C43F4A600AC74A1 /* SceneDelegate.swift in Sources */,
			);
			runOnlyForDeploymentPostprocessing = 0;
		};
		F85178F42C43F4A800AC74A1 /* Sources */ = {
			isa = PBXSourcesBuildPhase;
			buildActionMask = 2147483647;
			files = (
				F85178FD2C43F4A800AC74A1 /* FPXAPPWEBTests.swift in Sources */,
			);
			runOnlyForDeploymentPostprocessing = 0;
		};
		F85178FE2C43F4A800AC74A1 /* Sources */ = {
			isa = PBXSourcesBuildPhase;
			buildActionMask = 2147483647;
			files = (
				F85179092C43F4A800AC74A1 /* FPXAPPWEBUITestsLaunchTests.swift in Sources */,
				F85179072C43F4A800AC74A1 /* FPXAPPWEBUITests.swift in Sources */,
			);
			runOnlyForDeploymentPostprocessing = 0;
		};
/* End PBXSourcesBuildPhase section */

/* Begin PBXTargetDependency section */
		F85178FA2C43F4A800AC74A1 /* PBXTargetDependency */ = {
			isa = PBXTargetDependency;
			target = F85178E12C43F4A600AC74A1 /* FPXAPPWEB */;
			targetProxy = F85178F92C43F4A800AC74A1 /* PBXContainerItemProxy */;
		};
		F85179042C43F4A800AC74A1 /* PBXTargetDependency */ = {
			isa = PBXTargetDependency;
			target = F85178E12C43F4A600AC74A1 /* FPXAPPWEB */;
			targetProxy = F85179032C43F4A800AC74A1 /* PBXContainerItemProxy */;
		};
/* End PBXTargetDependency section */

/* Begin PBXVariantGroup section */
		F85178EB2C43F4A600AC74A1 /* Main.storyboard */ = {
			isa = PBXVariantGroup;
			children = (
				F85178EC2C43F4A600AC74A1 /* Base */,
			);
			name = Main.storyboard;
			sourceTree = "<group>";
		};
		F85178F02C43F4A700AC74A1 /* LaunchScreen.storyboard */ = {
			isa = PBXVariantGroup;
			children = (
				F85178F12C43F4A700AC74A1 /* Base */,
			);
			name = LaunchScreen.storyboard;
			sourceTree = "<group>";
		};
/* End PBXVariantGroup section */

/* Begin XCBuildConfiguration section */
		F851790A2C43F4A800AC74A1 /* Debug */ = {
			isa = XCBuildConfiguration;
			buildSettings = {
				ALWAYS_SEARCH_USER_PATHS = NO;
				ASSETCATALOG_COMPILER_GENERATE_SWIFT_ASSET_SYMBOL_EXTENSIONS = YES;
				CLANG_ANALYZER_NONNULL = YES;
				CLANG_ANALYZER_NUMBER_OBJECT_CONVERSION = YES_AGGRESSIVE;
				CLANG_CXX_LANGUAGE_STANDARD = "gnu++20";
				CLANG_ENABLE_MODULES = YES;
				CLANG_ENABLE_OBJC_ARC = YES;
				CLANG_ENABLE_OBJC_WEAK = YES;
				CLANG_WARN_BLOCK_CAPTURE_AUTORELEASING = YES;
				CLANG_WARN_BOOL_CONVERSION = YES;
				CLANG_WARN_COMMA = YES;
				CLANG_WARN_CONSTANT_CONVERSION = YES;
				CLANG_WARN_DEPRECATED_OBJC_IMPLEMENTATIONS = YES;
				CLANG_WARN_DIRECT_OBJC_ISA_USAGE = YES_ERROR;
				CLANG_WARN_DOCUMENTATION_COMMENTS = YES;
				CLANG_WARN_EMPTY_BODY = YES;
				CLANG_WARN_ENUM_CONVERSION = YES;
				CLANG_WARN_INFINITE_RECURSION = YES;
				CLANG_WARN_INT_CONVERSION = YES;
				CLANG_WARN_NON_LITERAL_NULL_CONVERSION = YES;
				CLANG_WARN_OBJC_IMPLICIT_RETAIN_SELF = YES;
				CLANG_WARN_OBJC_LITERAL_CONVERSION = YES;
				CLANG_WARN_OBJC_ROOT_CLASS = YES_ERROR;
				CLANG_WARN_QUOTED_INCLUDE_IN_FRAMEWORK_HEADER = YES;
				CLANG_WARN_RANGE_LOOP_ANALYSIS = YES;
				CLANG_WARN_STRICT_PROTOTYPES = YES;
				CLANG_WARN_SUSPICIOUS_MOVE = YES;
				CLANG_WARN_UNGUARDED_AVAILABILITY = YES_AGGRESSIVE;
				CLANG_WARN_UNREACHABLE_CODE = YES;
				CLANG_WARN__DUPLICATE_METHOD_MATCH = YES;
				COPY_PHASE_STRIP = NO;
				DEBUG_INFORMATION_FORMAT = dwarf;
				ENABLE_STRICT_OBJC_MSGSEND = YES;
				ENABLE_TESTABILITY = YES;
				ENABLE_USER_SCRIPT_SANDBOXING = YES;
				GCC_C_LANGUAGE_STANDARD = gnu17;
				GCC_DYNAMIC_NO_PIC = NO;
				GCC_NO_COMMON_BLOCKS = YES;
				GCC_OPTIMIZATION_LEVEL = 0;
				GCC_PREPROCESSOR_DEFINITIONS = (
					"DEBUG=1",
					"$(inherited)",
				);
				GCC_WARN_64_TO_32_BIT_CONVERSION = YES;
				GCC_WARN_ABOUT_RETURN_TYPE = YES_ERROR;
				GCC_WARN_UNDECLARED_SELECTOR = YES;
				GCC_WARN_UNINITIALIZED_AUTOS = YES_AGGRESSIVE;
				GCC_WARN_UNUSED_FUNCTION = YES;
				GCC_WARN_UNUSED_VARIABLE = YES;
				IPHONEOS_DEPLOYMENT_TARGET = 17.5;
				LOCALIZATION_PREFERS_STRING_CATALOGS = YES;
				MTL_ENABLE_DEBUG_INFO = INCLUDE_SOURCE;
				MTL_FAST_MATH = YES;
				ONLY_ACTIVE_ARCH = YES;
				SDKROOT = iphoneos;
				SWIFT_ACTIVE_COMPILATION_CONDITIONS = "DEBUG $(inherited)";
				SWIFT_OPTIMIZATION_LEVEL = "-Onone";
			};
			name = Debug;
		};
		F851790B2C43F4A800AC74A1 /* Release */ = {
			isa = XCBuildConfiguration;
			buildSettings = {
				ALWAYS_SEARCH_USER_PATHS = NO;
				ASSETCATALOG_COMPILER_GENERATE_SWIFT_ASSET_SYMBOL_EXTENSIONS = YES;
				CLANG_ANALYZER_NONNULL = YES;
				CLANG_ANALYZER_NUMBER_OBJECT_CONVERSION = YES_AGGRESSIVE;
				CLANG_CXX_LANGUAGE_STANDARD = "gnu++20";
				CLANG_ENABLE_MODULES = YES;
				CLANG_ENABLE_OBJC_ARC = YES;
				CLANG_ENABLE_OBJC_WEAK = YES;
				CLANG_WARN_BLOCK_CAPTURE_AUTORELEASING = YES;
				CLANG_WARN_BOOL_CONVERSION = YES;
				CLANG_WARN_COMMA = YES;
				CLANG_WARN_CONSTANT_CONVERSION = YES;
				CLANG_WARN_DEPRECATED_OBJC_IMPLEMENTATIONS = YES;
				CLANG_WARN_DIRECT_OBJC_ISA_USAGE = YES_ERROR;
				CLANG_WARN_DOCUMENTATION_COMMENTS = YES;
				CLANG_WARN_EMPTY_BODY = YES;
				CLANG_WARN_ENUM_CONVERSION = YES;
				CLANG_WARN_INFINITE_RECURSION = YES;
				CLANG_WARN_INT_CONVERSION = YES;
				CLANG_WARN_NON_LITERAL_NULL_CONVERSION = YES;
				CLANG_WARN_OBJC_IMPLICIT_RETAIN_SELF = YES;
				CLANG_WARN_OBJC_LITERAL_CONVERSION = YES;
				CLANG_WARN_OBJC_ROOT_CLASS = YES_ERROR;
				CLANG_WARN_QUOTED_INCLUDE_IN_FRAMEWORK_HEADER = YES;
				CLANG_WARN_RANGE_LOOP_ANALYSIS = YES;
				CLANG_WARN_STRICT_PROTOTYPES = YES;
				CLANG_WARN_SUSPICIOUS_MOVE = YES;
				CLANG_WARN_UNGUARDED_AVAILABILITY = YES_AGGRESSIVE;
				CLANG_WARN_UNREACHABLE_CODE = YES;
				CLANG_WARN__DUPLICATE_METHOD_MATCH = YES;
				COPY_PHASE_STRIP = NO;
				DEBUG_INFORMATION_FORMAT = "dwarf-with-dsym";
				ENABLE_NS_ASSERTIONS = NO;
				ENABLE_STRICT_OBJC_MSGSEND = YES;
				ENABLE_USER_SCRIPT_SANDBOXING = YES;
				GCC_C_LANGUAGE_STANDARD = gnu17;
				GCC_NO_COMMON_BLOCKS = YES;
				GCC_WARN_64_TO_32_BIT_CONVERSION = YES;
				GCC_WARN_ABOUT_RETURN_TYPE = YES_ERROR;
				GCC_WARN_UNDECLARED_SELECTOR = YES;
				GCC_WARN_UNINITIALIZED_AUTOS = YES_AGGRESSIVE;
				GCC_WARN_UNUSED_FUNCTION = YES;
				GCC_WARN_UNUSED_VARIABLE = YES;
				IPHONEOS_DEPLOYMENT_TARGET = 17.5;
				LOCALIZATION_PREFERS_STRING_CATALOGS = YES;
				MTL_ENABLE_DEBUG_INFO = NO;
				MTL_FAST_MATH = YES;
				SDKROOT = iphoneos;
				SWIFT_COMPILATION_MODE = wholemodule;
				VALIDATE_PRODUCT = YES;
			};
			name = Release;
		};
		F851790D2C43F4A800AC74A1 /* Debug */ = {
			isa = XCBuildConfiguration;
			buildSettings = {
				ASSETCATALOG_COMPILER_APPICON_NAME = AppIcon;
				ASSETCATALOG_COMPILER_GLOBAL_ACCENT_COLOR_NAME = AccentColor;
				CODE_SIGN_STYLE = Automatic;
				CURRENT_PROJECT_VERSION = 1;
				DEVELOPMENT_TEAM = 4RJR7X6F94;
				GENERATE_INFOPLIST_FILE = YES;
				INFOPLIST_FILE = FPXAPPWEB/Info.plist;
				INFOPLIST_KEY_UIApplicationSupportsIndirectInputEvents = YES;
				INFOPLIST_KEY_UILaunchStoryboardName = LaunchScreen;
				INFOPLIST_KEY_UIMainStoryboardFile = Main;
				INFOPLIST_KEY_UISupportedInterfaceOrientations_iPad = "UIInterfaceOrientationPortrait UIInterfaceOrientationPortraitUpsideDown UIInterfaceOrientationLandscapeLeft UIInterfaceOrientationLandscapeRight";
				INFOPLIST_KEY_UISupportedInterfaceOrientations_iPhone = "UIInterfaceOrientationPortrait UIInterfaceOrientationLandscapeLeft UIInterfaceOrientationLandscapeRight";
				LD_RUNPATH_SEARCH_PATHS = (
					"$(inherited)",
					"@executable_path/Frameworks",
				);
				MARKETING_VERSION = 1.0;
				PRODUCT_BUNDLE_IDENTIFIER = ART.FPX.WEBAPP;
				PRODUCT_NAME = "$(TARGET_NAME)";
				SWIFT_EMIT_LOC_STRINGS = YES;
				SWIFT_VERSION = 5.0;
				TARGETED_DEVICE_FAMILY = "1,2";
			};
			name = Debug;
		};
		F851790E2C43F4A800AC74A1 /* Release */ = {
			isa = XCBuildConfiguration;
			buildSettings = {
				ASSETCATALOG_COMPILER_APPICON_NAME = AppIcon;
				ASSETCATALOG_COMPILER_GLOBAL_ACCENT_COLOR_NAME = AccentColor;
				CODE_SIGN_STYLE = Automatic;
				CURRENT_PROJECT_VERSION = 1;
				DEVELOPMENT_TEAM = 4RJR7X6F94;
				GENERATE_INFOPLIST_FILE = YES;
				INFOPLIST_FILE = FPXAPPWEB/Info.plist;
				INFOPLIST_KEY_UIApplicationSupportsIndirectInputEvents = YES;
				INFOPLIST_KEY_UILaunchStoryboardName = LaunchScreen;
				INFOPLIST_KEY_UIMainStoryboardFile = Main;
				INFOPLIST_KEY_UISupportedInterfaceOrientations_iPad = "UIInterfaceOrientationPortrait UIInterfaceOrientationPortraitUpsideDown UIInterfaceOrientationLandscapeLeft UIInterfaceOrientationLandscapeRight";
				INFOPLIST_KEY_UISupportedInterfaceOrientations_iPhone = "UIInterfaceOrientationPortrait UIInterfaceOrientationLandscapeLeft UIInterfaceOrientationLandscapeRight";
				LD_RUNPATH_SEARCH_PATHS = (
					"$(inherited)",
					"@executable_path/Frameworks",
				);
				MARKETING_VERSION = 1.0;
				PRODUCT_BUNDLE_IDENTIFIER = ART.FPX.WEBAPP;
				PRODUCT_NAME = "$(TARGET_NAME)";
				SWIFT_EMIT_LOC_STRINGS = YES;
				SWIFT_VERSION = 5.0;
				TARGETED_DEVICE_FAMILY = "1,2";
			};
			name = Release;
		};
		F85179102C43F4A800AC74A1 /* Debug */ = {
			isa = XCBuildConfiguration;
			buildSettings = {
				ALWAYS_EMBED_SWIFT_STANDARD_LIBRARIES = YES;
				BUNDLE_LOADER = "$(TEST_HOST)";
				CODE_SIGN_STYLE = Automatic;
				CURRENT_PROJECT_VERSION = 1;
				DEVELOPMENT_TEAM = 4RJR7X6F94;
				GENERATE_INFOPLIST_FILE = YES;
				IPHONEOS_DEPLOYMENT_TARGET = 17.5;
				MARKETING_VERSION = 1.0;
				PRODUCT_BUNDLE_IDENTIFIER = FPX.ART.FPXAPPWEBTests;
				PRODUCT_NAME = "$(TARGET_NAME)";
				SWIFT_EMIT_LOC_STRINGS = NO;
				SWIFT_VERSION = 5.0;
				TARGETED_DEVICE_FAMILY = "1,2";
				TEST_HOST = "$(BUILT_PRODUCTS_DIR)/FPXAPPWEB.app/$(BUNDLE_EXECUTABLE_FOLDER_PATH)/FPXAPPWEB";
			};
			name = Debug;
		};
		F85179112C43F4A800AC74A1 /* Release */ = {
			isa = XCBuildConfiguration;
			buildSettings = {
				ALWAYS_EMBED_SWIFT_STANDARD_LIBRARIES = YES;
				BUNDLE_LOADER = "$(TEST_HOST)";
				CODE_SIGN_STYLE = Automatic;
				CURRENT_PROJECT_VERSION = 1;
				DEVELOPMENT_TEAM = 4RJR7X6F94;
				GENERATE_INFOPLIST_FILE = YES;
				IPHONEOS_DEPLOYMENT_TARGET = 17.5;
				MARKETING_VERSION = 1.0;
				PRODUCT_BUNDLE_IDENTIFIER = FPX.ART.FPXAPPWEBTests;
				PRODUCT_NAME = "$(TARGET_NAME)";
				SWIFT_EMIT_LOC_STRINGS = NO;
				SWIFT_VERSION = 5.0;
				TARGETED_DEVICE_FAMILY = "1,2";
				TEST_HOST = "$(BUILT_PRODUCTS_DIR)/FPXAPPWEB.app/$(BUNDLE_EXECUTABLE_FOLDER_PATH)/FPXAPPWEB";
			};
			name = Release;
		};
		F85179132C43F4A800AC74A1 /* Debug */ = {
			isa = XCBuildConfiguration;
			buildSettings = {
				ALWAYS_EMBED_SWIFT_STANDARD_LIBRARIES = YES;
				CODE_SIGN_STYLE = Automatic;
				CURRENT_PROJECT_VERSION = 1;
				DEVELOPMENT_TEAM = 4RJR7X6F94;
				GENERATE_INFOPLIST_FILE = YES;
				MARKETING_VERSION = 1.0;
				PRODUCT_BUNDLE_IDENTIFIER = FPX.ART.FPXAPPWEBUITests;
				PRODUCT_NAME = "$(TARGET_NAME)";
				SWIFT_EMIT_LOC_STRINGS = NO;
				SWIFT_VERSION = 5.0;
				TARGETED_DEVICE_FAMILY = "1,2";
				TEST_TARGET_NAME = FPXAPPWEB;
			};
			name = Debug;
		};
		F85179142C43F4A800AC74A1 /* Release */ = {
			isa = XCBuildConfiguration;
			buildSettings = {
				ALWAYS_EMBED_SWIFT_STANDARD_LIBRARIES = YES;
				CODE_SIGN_STYLE = Automatic;
				CURRENT_PROJECT_VERSION = 1;
				DEVELOPMENT_TEAM = 4RJR7X6F94;
				GENERATE_INFOPLIST_FILE = YES;
				MARKETING_VERSION = 1.0;
				PRODUCT_BUNDLE_IDENTIFIER = FPX.ART.FPXAPPWEBUITests;
				PRODUCT_NAME = "$(TARGET_NAME)";
				SWIFT_EMIT_LOC_STRINGS = NO;
				SWIFT_VERSION = 5.0;
				TARGETED_DEVICE_FAMILY = "1,2";
				TEST_TARGET_NAME = FPXAPPWEB;
			};
			name = Release;
		};
/* End XCBuildConfiguration section */

/* Begin XCConfigurationList section */
		F85178DD2C43F4A600AC74A1 /* Build configuration list for PBXProject "FPXAPPWEB" */ = {
			isa = XCConfigurationList;
			buildConfigurations = (
				F851790A2C43F4A800AC74A1 /* Debug */,
				F851790B2C43F4A800AC74A1 /* Release */,
			);
			defaultConfigurationIsVisible = 0;
			defaultConfigurationName = Release;
		};
		F851790C2C43F4A800AC74A1 /* Build configuration list for PBXNativeTarget "FPXAPPWEB" */ = {
			isa = XCConfigurationList;
			buildConfigurations = (
				F851790D2C43F4A800AC74A1 /* Debug */,
				F851790E2C43F4A800AC74A1 /* Release */,
			);
			defaultConfigurationIsVisible = 0;
			defaultConfigurationName = Release;
		};
		F851790F2C43F4A800AC74A1 /* Build configuration list for PBXNativeTarget "FPXAPPWEBTests" */ = {
			isa = XCConfigurationList;
			buildConfigurations = (
				F85179102C43F4A800AC74A1 /* Debug */,
				F85179112C43F4A800AC74A1 /* Release */,
			);
			defaultConfigurationIsVisible = 0;
			defaultConfigurationName = Release;
		};
		F85179122C43F4A800AC74A1 /* Build configuration list for PBXNativeTarget "FPXAPPWEBUITests" */ = {
			isa = XCConfigurationList;
			buildConfigurations = (
				F85179132C43F4A800AC74A1 /* Debug */,
				F85179142C43F4A800AC74A1 /* Release */,
			);
			defaultConfigurationIsVisible = 0;
			defaultConfigurationName = Release;
		};
/* End XCConfigurationList section */
	};
	rootObject = F85178DA2C43F4A600AC74A1 /* Project object */;
}
